
Microsoft Visual Studio Solution File, Format Version 12.00
# Visual Studio Version 17
VisualStudioVersion = 17.6.33723.286
MinimumVisualStudioVersion = 10.0.40219.1
Project("{FAE04EC0-301F-11D3-BF4B-00C04F79EFBC}") = "API", "API.csproj", "{FD84C217-2FB5-4ACE-A440-A4CF645E6F29}"
EndProject
Global
	GlobalSection(SolutionConfigurationPlatforms) = preSolution
		Debug|Any CPU = Debug|Any CPU
		Release|Any CPU = Release|Any CPU
	EndGlobalSection
	GlobalSection(ProjectConfigurationPlatforms) = postSolution
		{FD84C217-2FB5-4ACE-A440-A4CF645E6F29}.Debug|Any CPU.ActiveCfg = Debug|Any CPU
		{FD84C217-2FB5-4ACE-A440-A4CF645E6F29}.Debug|Any CPU.Build.0 = Debug|Any CPU
		{FD84C217-2FB5-4ACE-A440-A4CF645E6F29}.Release|Any CPU.ActiveCfg = Release|Any CPU
		{FD84C217-2FB5-4ACE-A440-A4CF645E6F29}.Release|Any CPU.Build.0 = Release|Any CPU
	EndGlobalSection
	GlobalSection(SolutionProperties) = preSolution
		HideSolutionNode = FALSE
	EndGlobalSection
	GlobalSection(ExtensibilityGlobals) = postSolution
		SolutionGuid = {8B86D611-D7CA-429B-BCEF-C3DA0902BBF8}
	EndGlobalSection
EndGlobal
